
Microsoft Visual Studio Solution File, Format Version 12.00
# Visual Studio Version 16
VisualStudioVersion = 16.0.31729.503
MinimumVisualStudioVersion = 10.0.40219.1
Project("{FAE04EC0-301F-11D3-BF4B-00C04F79EFBC}") = "01", "01.csproj", "{342FF2E4-5564-41D1-A586-C33810CA6457}"
EndProject
Global
	GlobalSection(SolutionConfigurationPlatforms) = preSolution
		Debug|Any CPU = Debug|Any CPU
		Release|Any CPU = Release|Any CPU
	EndGlobalSection
	GlobalSection(ProjectConfigurationPlatforms) = postSolution
		{342FF2E4-5564-41D1-A586-C33810CA6457}.Debug|Any CPU.ActiveCfg = Debug|Any CPU
		{342FF2E4-5564-41D1-A586-C33810CA6457}.Debug|Any CPU.Build.0 = Debug|Any CPU
		{342FF2E4-5564-41D1-A586-C33810CA6457}.Release|Any CPU.ActiveCfg = Release|Any CPU
		{342FF2E4-5564-41D1-A586-C33810CA6457}.Release|Any CPU.Build.0 = Release|Any CPU
	EndGlobalSection
	GlobalSection(SolutionProperties) = preSolution
		HideSolutionNode = FALSE
	EndGlobalSection
	GlobalSection(ExtensibilityGlobals) = postSolution
		SolutionGuid = {B7F1CB54-7D10-4B05-ABC8-497722883DBB}
	EndGlobalSection
EndGlobal
